
Microsoft Visual Studio Solution File, Format Version 12.00
# Visual Studio Version 17
VisualStudioVersion = 17.4.33103.184
MinimumVisualStudioVersion = 10.0.40219.1
Project("{9A19103F-16F7-4668-BE54-9A1E7A4F7556}") = "Noghte.BuildingBlock", "Noghte.BuildingBlock\Noghte.BuildingBlock.csproj", "{15B21A4A-0174-48E2-8BD3-07C788489C39}"
EndProject
Project("{9A19103F-16F7-4668-BE54-9A1E7A4F7556}") = "Noghte.WebApi", "Noghte.WebApi\Noghte.WebApi.csproj", "{66830ADA-F362-4222-BCAC-A3F5E1082575}"
EndProject
Project("{9A19103F-16F7-4668-BE54-9A1E7A4F7556}") = "Noghte.Domain", "Noghte.Domain\Noghte.Domain.csproj", "{E7882BC0-A7D4-406A-ACE3-45D7157A7A61}"
EndProject
Project("{9A19103F-16F7-4668-BE54-9A1E7A4F7556}") = "Noghte.Application", "Noghte.Application\Noghte.Application.csproj", "{FB6DDCF6-ECF1-42A2-A957-A90842403B1A}"
EndProject
Project("{9A19103F-16F7-4668-BE54-9A1E7A4F7556}") = "Noghte.Infrastructure", "Noghte.Infrastructure\Noghte.Infrastructure.csproj", "{3D514B4F-5034-4A97-9EDC-501594AAA16F}"
EndProject
Global
	GlobalSection(SolutionConfigurationPlatforms) = preSolution
		Debug|Any CPU = Debug|Any CPU
		Release|Any CPU = Release|Any CPU
	EndGlobalSection
	GlobalSection(ProjectConfigurationPlatforms) = postSolution
		{15B21A4A-0174-48E2-8BD3-07C788489C39}.Debug|Any CPU.ActiveCfg = Debug|Any CPU
		{15B21A4A-0174-48E2-8BD3-07C788489C39}.Debug|Any CPU.Build.0 = Debug|Any CPU
		{15B21A4A-0174-48E2-8BD3-07C788489C39}.Release|Any CPU.ActiveCfg = Release|Any CPU
		{15B21A4A-0174-48E2-8BD3-07C788489C39}.Release|Any CPU.Build.0 = Release|Any CPU
		{66830ADA-F362-4222-BCAC-A3F5E1082575}.Debug|Any CPU.ActiveCfg = Debug|Any CPU
		{66830ADA-F362-4222-BCAC-A3F5E1082575}.Debug|Any CPU.Build.0 = Debug|Any CPU
		{66830ADA-F362-4222-BCAC-A3F5E1082575}.Release|Any CPU.ActiveCfg = Release|Any CPU
		{66830ADA-F362-4222-BCAC-A3F5E1082575}.Release|Any CPU.Build.0 = Release|Any CPU
		{E7882BC0-A7D4-406A-ACE3-45D7157A7A61}.Debug|Any CPU.ActiveCfg = Debug|Any CPU
		{E7882BC0-A7D4-406A-ACE3-45D7157A7A61}.Debug|Any CPU.Build.0 = Debug|Any CPU
		{E7882BC0-A7D4-406A-ACE3-45D7157A7A61}.Release|Any CPU.ActiveCfg = Release|Any CPU
		{E7882BC0-A7D4-406A-ACE3-45D7157A7A61}.Release|Any CPU.Build.0 = Release|Any CPU
		{FB6DDCF6-ECF1-42A2-A957-A90842403B1A}.Debug|Any CPU.ActiveCfg = Debug|Any CPU
		{FB6DDCF6-ECF1-42A2-A957-A90842403B1A}.Debug|Any CPU.Build.0 = Debug|Any CPU
		{FB6DDCF6-ECF1-42A2-A957-A90842403B1A}.Release|Any CPU.ActiveCfg = Release|Any CPU
		{FB6DDCF6-ECF1-42A2-A957-A90842403B1A}.Release|Any CPU.Build.0 = Release|Any CPU
		{3D514B4F-5034-4A97-9EDC-501594AAA16F}.Debug|Any CPU.ActiveCfg = Debug|Any CPU
		{3D514B4F-5034-4A97-9EDC-501594AAA16F}.Debug|Any CPU.Build.0 = Debug|Any CPU
		{3D514B4F-5034-4A97-9EDC-501594AAA16F}.Release|Any CPU.ActiveCfg = Release|Any CPU
		{3D514B4F-5034-4A97-9EDC-501594AAA16F}.Release|Any CPU.Build.0 = Release|Any CPU
	EndGlobalSection
	GlobalSection(SolutionProperties) = preSolution
		HideSolutionNode = FALSE
	EndGlobalSection
	GlobalSection(ExtensibilityGlobals) = postSolution
		SolutionGuid = {6F51AEA6-5E87-4FE7-9214-9881EA673CFD}
	EndGlobalSection
EndGlobal
